PODS:
  - AFNetworking (2.5.3):
    - AFNetworking/NSURLConnection (= 2.5.3)
    - AFNetworking/NSURLSession (= 2.5.3)
    - AFNetworking/Reachability (= 2.5.3)
    - AFNetworking/Security (= 2.5.3)
    - AFNetworking/Serialization (= 2.5.3)
    - AFNetworking/UIKit (= 2.5.3)
  - AFNetworking/NSURLConnection (2.5.3):
    - AFNetworking/Reachability
    - AFNetworking/Security
    - AFNetworking/Serialization
  - AFNetworking/NSURLSession (2.5.3):
    - AFNetworking/Reachability
    - AFNetworking/Security
    - AFNetworking/Serialization
  - AFNetworking/Reachability (2.5.3)
  - AFNetworking/Security (2.5.3)
  - AFNetworking/Serialization (2.5.3)
  - AFNetworking/UIKit (2.5.3):
    - AFNetworking/NSURLConnection
    - AFNetworking/NSURLSession
  - Realm (0.92.1):
    - Realm/Headers (= 0.92.1)
  - Realm/Headers (0.92.1)
  - SVBlurView (0.0.1)

DEPENDENCIES:
  - AFNetworking (~> 2.5)
  - Realm (~> 0.92)
  - SVBlurView (~> 0.0.1)

SPEC CHECKSUMS:
  AFNetworking: e1d86c2a96bb5d2e7408da36149806706ee122fe
  Realm: 10c91667c5c65d6fe56b206c2c31e9b5eafb8718
  SVBlurView: 04d65da92afd5cf3fc9ed3348181b0e0d6b1493c

COCOAPODS: 0.36.4
