// !$*UTF8*$!
{
	archiveVersion = 1;
	classes = {
	};
	objectVersion = 46;
	objects = {

/* Begin PBXBuildFile section */
		43006BA21B2B12B7008CEBA8 /* main.m in Sources */ = {isa = PBXBuildFile; fileRef = 43006BA11B2B12B7008CEBA8 /* main.m */; };
		43006BA51B2B12B7008CEBA8 /* AppDelegate.m in Sources */ = {isa = PBXBuildFile; fileRef = 43006BA41B2B12B7008CEBA8 /* AppDelegate.m */; };
		43006BA81B2B12B7008CEBA8 /* ViewController.m in Sources */ = {isa = PBXBuildFile; fileRef = 43006BA71B2B12B7008CEBA8 /* ViewController.m */; };
		43006BAB1B2B12B7008CEBA8 /* Main.storyboard in Resources */ = {isa = PBXBuildFile; fileRef = 43006BA91B2B12B7008CEBA8 /* Main.storyboard */; };
		43006BAD1B2B12B7008CEBA8 /* Images.xcassets in Resources */ = {isa = PBXBuildFile; fileRef = 43006BAC1B2B12B7008CEBA8 /* Images.xcassets */; };
		43006BB01B2B12B7008CEBA8 /* LaunchScreen.xib in Resources */ = {isa = PBXBuildFile; fileRef = 43006BAE1B2B12B7008CEBA8 /* LaunchScreen.xib */; };
		43006BBC1B2B12B7008CEBA8 /* Shoot_Your_DreamTests.m in Sources */ = {isa = PBXBuildFile; fileRef = 43006BBB1B2B12B7008CEBA8 /* Shoot_Your_DreamTests.m */; };
/* End PBXBuildFile section */

/* Begin PBXContainerItemProxy section */
		43006BB61B2B12B7008CEBA8 /* PBXContainerItemProxy */ = {
			isa = PBXContainerItemProxy;
			containerPortal = 43006B941B2B12B7008CEBA8 /* Project object */;
			proxyType = 1;
			remoteGlobalIDString = 43006B9B1B2B12B7008CEBA8;
			remoteInfo = "Shoot Your Dream";
		};
/* End PBXContainerItemProxy section */

/* Begin PBXFileReference section */
		43006B9C1B2B12B7008CEBA8 /* Shoot Your Dream.app */ = {isa = PBXFileReference; explicitFileType = wrapper.application; includeInIndex = 0; path = "Shoot Your Dream.app"; sourceTree = BUILT_PRODUCTS_DIR; };
		43006BA01B2B12B7008CEBA8 /* Info.plist */ = {isa = PBXFileReference; lastKnownFileType = text.plist.xml; path = Info.plist; sourceTree = "<group>"; };
		43006BA11B2B12B7008CEBA8 /* main.m */ = {isa = PBXFileReference; lastKnownFileType = sourcecode.c.objc; path = main.m; sourceTree = "<group>"; };
		43006BA31B2B12B7008CEBA8 /* AppDelegate.h */ = {isa = PBXFileReference; lastKnownFileType = sourcecode.c.h; path = AppDelegate.h; sourceTree = "<group>"; };
		43006BA41B2B12B7008CEBA8 /* AppDelegate.m */ = {isa = PBXFileReference; lastKnownFileType = sourcecode.c.objc; path = AppDelegate.m; sourceTree = "<group>"; };
		43006BA61B2B12B7008CEBA8 /* ViewController.h */ = {isa = PBXFileReference; lastKnownFileType = sourcecode.c.h; path = ViewController.h; sourceTree = "<group>"; };
		43006BA71B2B12B7008CEBA8 /* ViewController.m */ = {isa = PBXFileReference; lastKnownFileType = sourcecode.c.objc; path = ViewController.m; sourceTree = "<group>"; };
		43006BAA1B2B12B7008CEBA8 /* Base */ = {isa = PBXFileReference; lastKnownFileType = file.storyboard; name = Base; path = Base.lproj/Main.storyboard; sourceTree = "<group>"; };
		43006BAC1B2B12B7008CEBA8 /* Images.xcassets */ = {isa = PBXFileReference; lastKnownFileType = folder.assetcatalog; path = Images.xcassets; sourceTree = "<group>"; };
		43006BAF1B2B12B7008CEBA8 /* Base */ = {isa = PBXFileReference; lastKnownFileType = file.xib; name = Base; path = Base.lproj/LaunchScreen.xib; sourceTree = "<group>"; };
		43006BB51B2B12B7008CEBA8 /* Shoot Your DreamTests.xctest */ = {isa = PBXFileReference; explicitFileType = wrapper.cfbundle; includeInIndex = 0; path = "Shoot Your DreamTests.xctest"; sourceTree = BUILT_PRODUCTS_DIR; };
		43006BBA1B2B12B7008CEBA8 /* Info.plist */ = {isa = PBXFileReference; lastKnownFileType = text.plist.xml; path = Info.plist; sourceTree = "<group>"; };
		43006BBB1B2B12B7008CEBA8 /* Shoot_Your_DreamTests.m */ = {isa = PBXFileReference; lastKnownFileType = sourcecode.c.objc; path = Shoot_Your_DreamTests.m; sourceTree = "<group>"; };
/* End PBXFileReference section */

/* Begin PBXFrameworksBuildPhase section */
		43006B991B2B12B7008CEBA8 /* Frameworks */ = {
			isa = PBXFrameworksBuildPhase;
			buildActionMask = 2147483647;
			files = (
			);
			runOnlyForDeploymentPostprocessing = 0;
		};
		43006BB21B2B12B7008CEBA8 /* Frameworks */ = {
			isa = PBXFrameworksBuildPhase;
			buildActionMask = 2147483647;
			files = (
			);
			runOnlyForDeploymentPostprocessing = 0;
		};
/* End PBXFrameworksBuildPhase section */

/* Begin PBXGroup section */
		43006B931B2B12B7008CEBA8 = {
			isa = PBXGroup;
			children = (
				43006B9E1B2B12B7008CEBA8 /* Shoot Your Dream */,
				43006BB81B2B12B7008CEBA8 /* Shoot Your DreamTests */,
				43006B9D1B2B12B7008CEBA8 /* Products */,
			);
			sourceTree = "<group>";
		};
		43006B9D1B2B12B7008CEBA8 /* Products */ = {
			isa = PBXGroup;
			children = (
				43006B9C1B2B12B7008CEBA8 /* Shoot Your Dream.app */,
				43006BB51B2B12B7008CEBA8 /* Shoot Your DreamTests.xctest */,
			);
			name = Products;
			sourceTree = "<group>";
		};
		43006B9E1B2B12B7008CEBA8 /* Shoot Your Dream */ = {
			isa = PBXGroup;
			children = (
				43006BA31B2B12B7008CEBA8 /* AppDelegate.h */,
				43006BA41B2B12B7008CEBA8 /* AppDelegate.m */,
				43006BA61B2B12B7008CEBA8 /* ViewController.h */,
				43006BA71B2B12B7008CEBA8 /* ViewController.m */,
				43006BA91B2B12B7008CEBA8 /* Main.storyboard */,
				43006BAC1B2B12B7008CEBA8 /* Images.xcassets */,
				43006BAE1B2B12B7008CEBA8 /* LaunchScreen.xib */,
				43006B9F1B2B12B7008CEBA8 /* Supporting Files */,
			);
			path = "Shoot Your Dream";
			sourceTree = "<group>";
		};
		43006B9F1B2B12B7008CEBA8 /* Supporting Files */ = {
			isa = PBXGroup;
			children = (
				43006BA01B2B12B7008CEBA8 /* Info.plist */,
				43006BA11B2B12B7008CEBA8 /* main.m */,
			);
			name = "Supporting Files";
			sourceTree = "<group>";
		};
		43006BB81B2B12B7008CEBA8 /* Shoot Your DreamTests */ = {
			isa = PBXGroup;
			children = (
				43006BBB1B2B12B7008CEBA8 /* Shoot_Your_DreamTests.m */,
				43006BB91B2B12B7008CEBA8 /* Supporting Files */,
			);
			path = "Shoot Your DreamTests";
			sourceTree = "<group>";
		};
		43006BB91B2B12B7008CEBA8 /* Supporting Files */ = {
			isa = PBXGroup;
			children = (
				43006BBA1B2B12B7008CEBA8 /* Info.plist */,
			);
			name = "Supporting Files";
			sourceTree = "<group>";
		};
/* End PBXGroup section */

/* Begin PBXNativeTarget section */
		43006B9B1B2B12B7008CEBA8 /* Shoot Your Dream */ = {
			isa = PBXNativeTarget;
			buildConfigurationList = 43006BBF1B2B12B7008CEBA8 /* Build configuration list for PBXNativeTarget "Shoot Your Dream" */;
			buildPhases = (
				43006B981B2B12B7008CEBA8 /* Sources */,
				43006B991B2B12B7008CEBA8 /* Frameworks */,
				43006B9A1B2B12B7008CEBA8 /* Resources */,
			);
			buildRules = (
			);
			dependencies = (
			);
			name = "Shoot Your Dream";
			productName = "Shoot Your Dream";
			productReference = 43006B9C1B2B12B7008CEBA8 /* Shoot Your Dream.app */;
			productType = "com.apple.product-type.application";
		};
		43006BB41B2B12B7008CEBA8 /* Shoot Your DreamTests */ = {
			isa = PBXNativeTarget;
			buildConfigurationList = 43006BC21B2B12B7008CEBA8 /* Build configuration list for PBXNativeTarget "Shoot Your DreamTests" */;
			buildPhases = (
				43006BB11B2B12B7008CEBA8 /* Sources */,
				43006BB21B2B12B7008CEBA8 /* Frameworks */,
				43006BB31B2B12B7008CEBA8 /* Resources */,
			);
			buildRules = (
			);
			dependencies = (
				43006BB71B2B12B7008CEBA8 /* PBXTargetDependency */,
			);
			name = "Shoot Your DreamTests";
			productName = "Shoot Your DreamTests";
			productReference = 43006BB51B2B12B7008CEBA8 /* Shoot Your DreamTests.xctest */;
			productType = "com.apple.product-type.bundle.unit-test";
		};
/* End PBXNativeTarget section */

/* Begin PBXProject section */
		43006B941B2B12B7008CEBA8 /* Project object */ = {
			isa = PBXProject;
			attributes = {
				LastUpgradeCheck = 0630;
				ORGANIZATIONNAME = "Arie Prasetyo";
				TargetAttributes = {
					43006B9B1B2B12B7008CEBA8 = {
						CreatedOnToolsVersion = 6.3.1;
					};
					43006BB41B2B12B7008CEBA8 = {
						CreatedOnToolsVersion = 6.3.1;
						TestTargetID = 43006B9B1B2B12B7008CEBA8;
					};
				};
			};
			buildConfigurationList = 43006B971B2B12B7008CEBA8 /* Build configuration list for PBXProject "Shoot Your Dream" */;
			compatibilityVersion = "Xcode 3.2";
			developmentRegion = English;
			hasScannedForEncodings = 0;
			knownRegions = (
				en,
				Base,
			);
			mainGroup = 43006B931B2B12B7008CEBA8;
			productRefGroup = 43006B9D1B2B12B7008CEBA8 /* Products */;
			projectDirPath = "";
			projectRoot = "";
			targets = (
				43006B9B1B2B12B7008CEBA8 /* Shoot Your Dream */,
				43006BB41B2B12B7008CEBA8 /* Shoot Your DreamTests */,
			);
		};
/* End PBXProject section */

/* Begin PBXResourcesBuildPhase section */
		43006B9A1B2B12B7008CEBA8 /* Resources */ = {
			isa = PBXResourcesBuildPhase;
			buildActionMask = 2147483647;
			files = (
				43006BAB1B2B12B7008CEBA8 /* Main.storyboard in Resources */,
				43006BB01B2B12B7008CEBA8 /* LaunchScreen.xib in Resources */,
				43006BAD1B2B12B7008CEBA8 /* Images.xcassets in Resources */,
			);
			runOnlyForDeploymentPostprocessing = 0;
		};
		43006BB31B2B12B7008CEBA8 /* Resources */ = {
			isa = PBXResourcesBuildPhase;
			buildActionMask = 2147483647;
			files = (
			);
			runOnlyForDeploymentPostprocessing = 0;
		};
/* End PBXResourcesBuildPhase section */

/* Begin PBXSourcesBuildPhase section */
		43006B981B2B12B7008CEBA8 /* Sources */ = {
			isa = PBXSourcesBuildPhase;
			buildActionMask = 2147483647;
			files = (
				43006BA81B2B12B7008CEBA8 /* ViewController.m in Sources */,
				43006BA51B2B12B7008CEBA8 /* AppDelegate.m in Sources */,
				43006BA21B2B12B7008CEBA8 /* main.m in Sources */,
			);
			runOnlyForDeploymentPostprocessing = 0;
		};
		43006BB11B2B12B7008CEBA8 /* Sources */ = {
			isa = PBXSourcesBuildPhase;
			buildActionMask = 2147483647;
			files = (
				43006BBC1B2B12B7008CEBA8 /* Shoot_Your_DreamTests.m in Sources */,
			);
			runOnlyForDeploymentPostprocessing = 0;
		};
/* End PBXSourcesBuildPhase section */

/* Begin PBXTargetDependency section */
		43006BB71B2B12B7008CEBA8 /* PBXTargetDependency */ = {
			isa = PBXTargetDependency;
			target = 43006B9B1B2B12B7008CEBA8 /* Shoot Your Dream */;
			targetProxy = 43006BB61B2B12B7008CEBA8 /* PBXContainerItemProxy */;
		};
/* End PBXTargetDependency section */

/* Begin PBXVariantGroup section */
		43006BA91B2B12B7008CEBA8 /* Main.storyboard */ = {
			isa = PBXVariantGroup;
			children = (
				43006BAA1B2B12B7008CEBA8 /* Base */,
			);
			name = Main.storyboard;
			sourceTree = "<group>";
		};
		43006BAE1B2B12B7008CEBA8 /* LaunchScreen.xib */ = {
			isa = PBXVariantGroup;
			children = (
				43006BAF1B2B12B7008CEBA8 /* Base */,
			);
			name = LaunchScreen.xib;
			sourceTree = "<group>";
		};
/* End PBXVariantGroup section */

/* Begin XCBuildConfiguration section */
		43006BBD1B2B12B7008CEBA8 /* Debug */ = {
			isa = XCBuildConfiguration;
			buildSettings = {
				ALWAYS_SEARCH_USER_PATHS = NO;
				CLANG_CXX_LANGUAGE_STANDARD = "gnu++0x";
				CLANG_CXX_LIBRARY = "libc++";
				CLANG_ENABLE_MODULES = YES;
				CLANG_ENABLE_OBJC_ARC = YES;
				CLANG_WARN_BOOL_CONVERSION = YES;
				CLANG_WARN_CONSTANT_CONVERSION = YES;
				CLANG_WARN_DIRECT_OBJC_ISA_USAGE = YES_ERROR;
				CLANG_WARN_EMPTY_BODY = YES;
				CLANG_WARN_ENUM_CONVERSION = YES;
				CLANG_WARN_INT_CONVERSION = YES;
				CLANG_WARN_OBJC_ROOT_CLASS = YES_ERROR;
				CLANG_WARN_UNREACHABLE_CODE = YES;
				CLANG_WARN__DUPLICATE_METHOD_MATCH = YES;
				"CODE_SIGN_IDENTITY[sdk=iphoneos*]" = "iPhone Developer";
				COPY_PHASE_STRIP = NO;
				DEBUG_INFORMATION_FORMAT = "dwarf-with-dsym";
				ENABLE_STRICT_OBJC_MSGSEND = YES;
				GCC_C_LANGUAGE_STANDARD = gnu99;
				GCC_DYNAMIC_NO_PIC = NO;
				GCC_NO_COMMON_BLOCKS = YES;
				GCC_OPTIMIZATION_LEVEL = 0;
				GCC_PREPROCESSOR_DEFINITIONS = (
					"DEBUG=1",
					"$(inherited)",
				);
				GCC_SYMBOLS_PRIVATE_EXTERN = NO;
				GCC_WARN_64_TO_32_BIT_CONVERSION = YES;
				GCC_WARN_ABOUT_RETURN_TYPE = YES_ERROR;
				GCC_WARN_UNDECLARED_SELECTOR = YES;
				GCC_WARN_UNINITIALIZED_AUTOS = YES_AGGRESSIVE;
				GCC_WARN_UNUSED_FUNCTION = YES;
				GCC_WARN_UNUSED_VARIABLE = YES;
				IPHONEOS_DEPLOYMENT_TARGET = 8.3;
				MTL_ENABLE_DEBUG_INFO = YES;
				ONLY_ACTIVE_ARCH = YES;
				SDKROOT = iphoneos;
			};
			name = Debug;
		};
		43006BBE1B2B12B7008CEBA8 /* Release */ = {
			isa = XCBuildConfiguration;
			buildSettings = {
				ALWAYS_SEARCH_USER_PATHS = NO;
				CLANG_CXX_LANGUAGE_STANDARD = "gnu++0x";
				CLANG_CXX_LIBRARY = "libc++";
				CLANG_ENABLE_MODULES = YES;
				CLANG_ENABLE_OBJC_ARC = YES;
				CLANG_WARN_BOOL_CONVERSION = YES;
				CLANG_WARN_CONSTANT_CONVERSION = YES;
				CLANG_WARN_DIRECT_OBJC_ISA_USAGE = YES_ERROR;
				CLANG_WARN_EMPTY_BODY = YES;
				CLANG_WARN_ENUM_CONVERSION = YES;
				CLANG_WARN_INT_CONVERSION = YES;
				CLANG_WARN_OBJC_ROOT_CLASS = YES_ERROR;
				CLANG_WARN_UNREACHABLE_CODE = YES;
				CLANG_WARN__DUPLICATE_METHOD_MATCH = YES;
				"CODE_SIGN_IDENTITY[sdk=iphoneos*]" = "iPhone Developer";
				COPY_PHASE_STRIP = NO;
				DEBUG_INFORMATION_FORMAT = "dwarf-with-dsym";
				ENABLE_NS_ASSERTIONS = NO;
				ENABLE_STRICT_OBJC_MSGSEND = YES;
				GCC_C_LANGUAGE_STANDARD = gnu99;
				GCC_NO_COMMON_BLOCKS = YES;
				GCC_WARN_64_TO_32_BIT_CONVERSION = YES;
				GCC_WARN_ABOUT_RETURN_TYPE = YES_ERROR;
				GCC_WARN_UNDECLARED_SELECTOR = YES;
				GCC_WARN_UNINITIALIZED_AUTOS = YES_AGGRESSIVE;
				GCC_WARN_UNUSED_FUNCTION = YES;
				GCC_WARN_UNUSED_VARIABLE = YES;
				IPHONEOS_DEPLOYMENT_TARGET = 8.3;
				MTL_ENABLE_DEBUG_INFO = NO;
				SDKROOT = iphoneos;
				VALIDATE_PRODUCT = YES;
			};
			name = Release;
		};
		43006BC01B2B12B7008CEBA8 /* Debug */ = {
			isa = XCBuildConfiguration;
			buildSettings = {
				ASSETCATALOG_COMPILER_APPICON_NAME = AppIcon;
				INFOPLIST_FILE = "Shoot Your Dream/Info.plist";
				LD_RUNPATH_SEARCH_PATHS = "$(inherited) @executable_path/Frameworks";
				PRODUCT_NAME = "$(TARGET_NAME)";
			};
			name = Debug;
		};
		43006BC11B2B12B7008CEBA8 /* Release */ = {
			isa = XCBuildConfiguration;
			buildSettings = {
				ASSETCATALOG_COMPILER_APPICON_NAME = AppIcon;
				INFOPLIST_FILE = "Shoot Your Dream/Info.plist";
				LD_RUNPATH_SEARCH_PATHS = "$(inherited) @executable_path/Frameworks";
				PRODUCT_NAME = "$(TARGET_NAME)";
			};
			name = Release;
		};
		43006BC31B2B12B7008CEBA8 /* Debug */ = {
			isa = XCBuildConfiguration;
			buildSettings = {
				BUNDLE_LOADER = "$(TEST_HOST)";
				FRAMEWORK_SEARCH_PATHS = (
					"$(SDKROOT)/Developer/Library/Frameworks",
					"$(inherited)",
				);
				GCC_PREPROCESSOR_DEFINITIONS = (
					"DEBUG=1",
					"$(inherited)",
				);
				INFOPLIST_FILE = "Shoot Your DreamTests/Info.plist";
				LD_RUNPATH_SEARCH_PATHS = "$(inherited) @executable_path/Frameworks @loader_path/Frameworks";
				PRODUCT_NAME = "$(TARGET_NAME)";
				TEST_HOST = "$(BUILT_PRODUCTS_DIR)/Shoot Your Dream.app/Shoot Your Dream";
			};
			name = Debug;
		};
		43006BC41B2B12B7008CEBA8 /* Release */ = {
			isa = XCBuildConfiguration;
			buildSettings = {
				BUNDLE_LOADER = "$(TEST_HOST)";
				FRAMEWORK_SEARCH_PATHS = (
					"$(SDKROOT)/Developer/Library/Frameworks",
					"$(inherited)",
				);
				INFOPLIST_FILE = "Shoot Your DreamTests/Info.plist";
				LD_RUNPATH_SEARCH_PATHS = "$(inherited) @executable_path/Frameworks @loader_path/Frameworks";
				PRODUCT_NAME = "$(TARGET_NAME)";
				TEST_HOST = "$(BUILT_PRODUCTS_DIR)/Shoot Your Dream.app/Shoot Your Dream";
			};
			name = Release;
		};
/* End XCBuildConfiguration section */

/* Begin XCConfigurationList section */
		43006B971B2B12B7008CEBA8 /* Build configuration list for PBXProject "Shoot Your Dream" */ = {
			isa = XCConfigurationList;
			buildConfigurations = (
				43006BBD1B2B12B7008CEBA8 /* Debug */,
				43006BBE1B2B12B7008CEBA8 /* Release */,
			);
			defaultConfigurationIsVisible = 0;
			defaultConfigurationName = Release;
		};
		43006BBF1B2B12B7008CEBA8 /* Build configuration list for PBXNativeTarget "Shoot Your Dream" */ = {
			isa = XCConfigurationList;
			buildConfigurations = (
				43006BC01B2B12B7008CEBA8 /* Debug */,
				43006BC11B2B12B7008CEBA8 /* Release */,
			);
			defaultConfigurationIsVisible = 0;
		};
		43006BC21B2B12B7008CEBA8 /* Build configuration list for PBXNativeTarget "Shoot Your DreamTests" */ = {
			isa = XCConfigurationList;
			buildConfigurations = (
				43006BC31B2B12B7008CEBA8 /* Debug */,
				43006BC41B2B12B7008CEBA8 /* Release */,
			);
			defaultConfigurationIsVisible = 0;
		};
/* End XCConfigurationList section */
	};
	rootObject = 43006B941B2B12B7008CEBA8 /* Project object */;
}
