// !$*UTF8*$!
{
	archiveVersion = 1;
	classes = {
	};
	objectVersion = 46;
	objects = {

/* Begin PBXBuildFile section */
		43006BA21B2B12B7008CEBA8 /* main.m in Sources */ = {isa = PBXBuildFile; fileRef = 43006BA11B2B12B7008CEBA8 /* main.m */; };
		43006BA51B2B12B7008CEBA8 /* AppDelegate.m in Sources */ = {isa = PBXBuildFile; fileRef = 43006BA41B2B12B7008CEBA8 /* AppDelegate.m */; };
		43006BAB1B2B12B7008CEBA8 /* Main.storyboard in Resources */ = {isa = PBXBuildFile; fileRef = 43006BA91B2B12B7008CEBA8 /* Main.storyboard */; };
		43006BAD1B2B12B7008CEBA8 /* Images.xcassets in Resources */ = {isa = PBXBuildFile; fileRef = 43006BAC1B2B12B7008CEBA8 /* Images.xcassets */; };
		43006BB01B2B12B7008CEBA8 /* LaunchScreen.xib in Resources */ = {isa = PBXBuildFile; fileRef = 43006BAE1B2B12B7008CEBA8 /* LaunchScreen.xib */; };
		43006BBC1B2B12B7008CEBA8 /* Shoot_Your_DreamTests.m in Sources */ = {isa = PBXBuildFile; fileRef = 43006BBB1B2B12B7008CEBA8 /* Shoot_Your_DreamTests.m */; };
		43006BCB1B2B1A01008CEBA8 /* Auth.storyboard in Resources */ = {isa = PBXBuildFile; fileRef = 43006BCA1B2B1A01008CEBA8 /* Auth.storyboard */; };
		43006BD21B2B2C42008CEBA8 /* Common.m in Sources */ = {isa = PBXBuildFile; fileRef = 43006BD11B2B2C42008CEBA8 /* Common.m */; };
		43006BD61B2B2C4D008CEBA8 /* ConnectionManager.m in Sources */ = {isa = PBXBuildFile; fileRef = 43006BD51B2B2C4D008CEBA8 /* ConnectionManager.m */; };
		43006BDC1B2B2CA0008CEBA8 /* ModelManager.m in Sources */ = {isa = PBXBuildFile; fileRef = 43006BDB1B2B2CA0008CEBA8 /* ModelManager.m */; };
		43006BE51B2B2CB5008CEBA8 /* RoundedImage.m in Sources */ = {isa = PBXBuildFile; fileRef = 43006BDE1B2B2CB5008CEBA8 /* RoundedImage.m */; };
		43006BE61B2B2CB5008CEBA8 /* RoundedLabel.m in Sources */ = {isa = PBXBuildFile; fileRef = 43006BE01B2B2CB5008CEBA8 /* RoundedLabel.m */; };
		43006BE71B2B2CB5008CEBA8 /* RoundedView.m in Sources */ = {isa = PBXBuildFile; fileRef = 43006BE21B2B2CB5008CEBA8 /* RoundedView.m */; };
		43006BE81B2B2CB5008CEBA8 /* VanKeyboardHelper.m in Sources */ = {isa = PBXBuildFile; fileRef = 43006BE41B2B2CB5008CEBA8 /* VanKeyboardHelper.m */; };
		43006BED1B2B2D60008CEBA8 /* CoreFoundation.framework in Frameworks */ = {isa = PBXBuildFile; fileRef = 43006BEA1B2B2D60008CEBA8 /* CoreFoundation.framework */; };
		43006BEE1B2B2D60008CEBA8 /* CoreImage.framework in Frameworks */ = {isa = PBXBuildFile; fileRef = 43006BEB1B2B2D60008CEBA8 /* CoreImage.framework */; };
		43006BEF1B2B2D60008CEBA8 /* QuartzCore.framework in Frameworks */ = {isa = PBXBuildFile; fileRef = 43006BEC1B2B2D60008CEBA8 /* QuartzCore.framework */; };
		43006BF11B2B2DBB008CEBA8 /* UIKit.framework in Frameworks */ = {isa = PBXBuildFile; fileRef = 43006BF01B2B2DBB008CEBA8 /* UIKit.framework */; };
		43006BF31B2B2E58008CEBA8 /* ApiConfigs.h in Sources */ = {isa = PBXBuildFile; fileRef = 43006BE91B2B2CDD008CEBA8 /* ApiConfigs.h */; };
		43006BF41B2B2E58008CEBA8 /* RoundedImage.h in Sources */ = {isa = PBXBuildFile; fileRef = 43006BDD1B2B2CB5008CEBA8 /* RoundedImage.h */; };
		43006BF51B2B2E58008CEBA8 /* RoundedLabel.h in Sources */ = {isa = PBXBuildFile; fileRef = 43006BDF1B2B2CB5008CEBA8 /* RoundedLabel.h */; };
		43006BF61B2B2E58008CEBA8 /* RoundedView.h in Sources */ = {isa = PBXBuildFile; fileRef = 43006BE11B2B2CB5008CEBA8 /* RoundedView.h */; };
		43006BF71B2B2E58008CEBA8 /* VanKeyboardHelper.h in Sources */ = {isa = PBXBuildFile; fileRef = 43006BE31B2B2CB5008CEBA8 /* VanKeyboardHelper.h */; };
		43006BF81B2B2E58008CEBA8 /* ModelManager.h in Sources */ = {isa = PBXBuildFile; fileRef = 43006BDA1B2B2CA0008CEBA8 /* ModelManager.h */; };
		43006BF91B2B2E58008CEBA8 /* Config.h in Sources */ = {isa = PBXBuildFile; fileRef = 43006BD31B2B2C4D008CEBA8 /* Config.h */; };
		43006BFA1B2B2E58008CEBA8 /* ConnectionManager.h in Sources */ = {isa = PBXBuildFile; fileRef = 43006BD41B2B2C4D008CEBA8 /* ConnectionManager.h */; };
		43006BFB1B2B2E58008CEBA8 /* Common.h in Sources */ = {isa = PBXBuildFile; fileRef = 43006BD01B2B2C42008CEBA8 /* Common.h */; };
		43006BFE1B2B3031008CEBA8 /* MainNavigationController.m in Sources */ = {isa = PBXBuildFile; fileRef = 43006BFD1B2B3031008CEBA8 /* MainNavigationController.m */; };
		43006C011B2B39F6008CEBA8 /* BaseTabbarController.m in Sources */ = {isa = PBXBuildFile; fileRef = 43006C001B2B39F6008CEBA8 /* BaseTabbarController.m */; };
		438F0A711B36DE9800FD0864 /* HomeTableViewController.m in Sources */ = {isa = PBXBuildFile; fileRef = 438F0A701B36DE9800FD0864 /* HomeTableViewController.m */; };
		438F0A801B36FE6200FD0864 /* ShootViewController.m in Sources */ = {isa = PBXBuildFile; fileRef = 438F0A7F1B36FE6200FD0864 /* ShootViewController.m */; };
		438F0A841B3706AF00FD0864 /* MyAccountTableViewController.m in Sources */ = {isa = PBXBuildFile; fileRef = 438F0A831B3706AF00FD0864 /* MyAccountTableViewController.m */; };
		438F0A881B37323600FD0864 /* HomeIdeasCollectionViewController.m in Sources */ = {isa = PBXBuildFile; fileRef = 438F0A871B37323600FD0864 /* HomeIdeasCollectionViewController.m */; };
		438F0A901B3735C800FD0864 /* KategoriCollectionViewController.m in Sources */ = {isa = PBXBuildFile; fileRef = 438F0A8F1B3735C800FD0864 /* KategoriCollectionViewController.m */; };
		438F0A921B37518900FD0864 /* KategoryDetail.storyboard in Resources */ = {isa = PBXBuildFile; fileRef = 438F0A911B37518900FD0864 /* KategoryDetail.storyboard */; };
		438F0A961B3753F500FD0864 /* CatDetailCollectionViewController.m in Sources */ = {isa = PBXBuildFile; fileRef = 438F0A951B3753F500FD0864 /* CatDetailCollectionViewController.m */; };
		438F0A981B3758EE00FD0864 /* Item.storyboard in Resources */ = {isa = PBXBuildFile; fileRef = 438F0A971B3758EE00FD0864 /* Item.storyboard */; };
		438F0A9D1B375BD200FD0864 /* ItemViewController.m in Sources */ = {isa = PBXBuildFile; fileRef = 438F0A9C1B375BD200FD0864 /* ItemViewController.m */; };
		438F0A9F1B37748500FD0864 /* Login.storyboard in Resources */ = {isa = PBXBuildFile; fileRef = 438F0A9E1B37748500FD0864 /* Login.storyboard */; };
		438F0AA31B37BF6600FD0864 /* LoginViewController.m in Sources */ = {isa = PBXBuildFile; fileRef = 438F0AA21B37BF6600FD0864 /* LoginViewController.m */; };
		438F0AA61B37BFA600FD0864 /* RoundedButton.m in Sources */ = {isa = PBXBuildFile; fileRef = 438F0AA51B37BFA600FD0864 /* RoundedButton.m */; };
		438F0AAA1B37CF0500FD0864 /* ForgotPasswordViewController.m in Sources */ = {isa = PBXBuildFile; fileRef = 438F0AA91B37CF0500FD0864 /* ForgotPasswordViewController.m */; };
		B98C15320E6498546AD3AD29 /* Pods_Shoot_Your_Dream.framework in Frameworks */ = {isa = PBXBuildFile; fileRef = B1CA95242F04F42377538CD1 /* Pods_Shoot_Your_Dream.framework */; settings = {ATTRIBUTES = (Weak, ); }; };
/* End PBXBuildFile section */

/* Begin PBXContainerItemProxy section */
		43006BB61B2B12B7008CEBA8 /* PBXContainerItemProxy */ = {
			isa = PBXContainerItemProxy;
			containerPortal = 43006B941B2B12B7008CEBA8 /* Project object */;
			proxyType = 1;
			remoteGlobalIDString = 43006B9B1B2B12B7008CEBA8;
			remoteInfo = "Shoot Your Dream";
		};
/* End PBXContainerItemProxy section */

/* Begin PBXFileReference section */
		43006B9C1B2B12B7008CEBA8 /* Shoot Your Dream.app */ = {isa = PBXFileReference; explicitFileType = wrapper.application; includeInIndex = 0; path = "Shoot Your Dream.app"; sourceTree = BUILT_PRODUCTS_DIR; };
		43006BA01B2B12B7008CEBA8 /* Info.plist */ = {isa = PBXFileReference; lastKnownFileType = text.plist.xml; path = Info.plist; sourceTree = "<group>"; };
		43006BA11B2B12B7008CEBA8 /* main.m */ = {isa = PBXFileReference; lastKnownFileType = sourcecode.c.objc; path = main.m; sourceTree = "<group>"; };
		43006BA31B2B12B7008CEBA8 /* AppDelegate.h */ = {isa = PBXFileReference; lastKnownFileType = sourcecode.c.h; path = AppDelegate.h; sourceTree = "<group>"; };
		43006BA41B2B12B7008CEBA8 /* AppDelegate.m */ = {isa = PBXFileReference; lastKnownFileType = sourcecode.c.objc; path = AppDelegate.m; sourceTree = "<group>"; };
		43006BAA1B2B12B7008CEBA8 /* Base */ = {isa = PBXFileReference; lastKnownFileType = file.storyboard; name = Base; path = Base.lproj/Main.storyboard; sourceTree = "<group>"; };
		43006BAC1B2B12B7008CEBA8 /* Images.xcassets */ = {isa = PBXFileReference; lastKnownFileType = folder.assetcatalog; path = Images.xcassets; sourceTree = "<group>"; };
		43006BAF1B2B12B7008CEBA8 /* Base */ = {isa = PBXFileReference; lastKnownFileType = file.xib; name = Base; path = Base.lproj/LaunchScreen.xib; sourceTree = "<group>"; };
		43006BB51B2B12B7008CEBA8 /* Shoot Your DreamTests.xctest */ = {isa = PBXFileReference; explicitFileType = wrapper.cfbundle; includeInIndex = 0; path = "Shoot Your DreamTests.xctest"; sourceTree = BUILT_PRODUCTS_DIR; };
		43006BBA1B2B12B7008CEBA8 /* Info.plist */ = {isa = PBXFileReference; lastKnownFileType = text.plist.xml; path = Info.plist; sourceTree = "<group>"; };
		43006BBB1B2B12B7008CEBA8 /* Shoot_Your_DreamTests.m */ = {isa = PBXFileReference; lastKnownFileType = sourcecode.c.objc; path = Shoot_Your_DreamTests.m; sourceTree = "<group>"; };
		43006BCA1B2B1A01008CEBA8 /* Auth.storyboard */ = {isa = PBXFileReference; fileEncoding = 4; lastKnownFileType = file.storyboard; path = Auth.storyboard; sourceTree = "<group>"; };
		43006BD01B2B2C42008CEBA8 /* Common.h */ = {isa = PBXFileReference; fileEncoding = 4; lastKnownFileType = sourcecode.c.h; path = Common.h; sourceTree = "<group>"; };
		43006BD11B2B2C42008CEBA8 /* Common.m */ = {isa = PBXFileReference; fileEncoding = 4; lastKnownFileType = sourcecode.c.objc; path = Common.m; sourceTree = "<group>"; };
		43006BD31B2B2C4D008CEBA8 /* Config.h */ = {isa = PBXFileReference; fileEncoding = 4; lastKnownFileType = sourcecode.c.h; path = Config.h; sourceTree = "<group>"; };
		43006BD41B2B2C4D008CEBA8 /* ConnectionManager.h */ = {isa = PBXFileReference; fileEncoding = 4; lastKnownFileType = sourcecode.c.h; path = ConnectionManager.h; sourceTree = "<group>"; };
		43006BD51B2B2C4D008CEBA8 /* ConnectionManager.m */ = {isa = PBXFileReference; fileEncoding = 4; lastKnownFileType = sourcecode.c.objc; path = ConnectionManager.m; sourceTree = "<group>"; };
		43006BDA1B2B2CA0008CEBA8 /* ModelManager.h */ = {isa = PBXFileReference; fileEncoding = 4; lastKnownFileType = sourcecode.c.h; path = ModelManager.h; sourceTree = "<group>"; };
		43006BDB1B2B2CA0008CEBA8 /* ModelManager.m */ = {isa = PBXFileReference; fileEncoding = 4; lastKnownFileType = sourcecode.c.objc; path = ModelManager.m; sourceTree = "<group>"; };
		43006BDD1B2B2CB5008CEBA8 /* RoundedImage.h */ = {isa = PBXFileReference; fileEncoding = 4; lastKnownFileType = sourcecode.c.h; path = RoundedImage.h; sourceTree = "<group>"; };
		43006BDE1B2B2CB5008CEBA8 /* RoundedImage.m */ = {isa = PBXFileReference; fileEncoding = 4; lastKnownFileType = sourcecode.c.objc; path = RoundedImage.m; sourceTree = "<group>"; };
		43006BDF1B2B2CB5008CEBA8 /* RoundedLabel.h */ = {isa = PBXFileReference; fileEncoding = 4; lastKnownFileType = sourcecode.c.h; path = RoundedLabel.h; sourceTree = "<group>"; };
		43006BE01B2B2CB5008CEBA8 /* RoundedLabel.m */ = {isa = PBXFileReference; fileEncoding = 4; lastKnownFileType = sourcecode.c.objc; path = RoundedLabel.m; sourceTree = "<group>"; };
		43006BE11B2B2CB5008CEBA8 /* RoundedView.h */ = {isa = PBXFileReference; fileEncoding = 4; lastKnownFileType = sourcecode.c.h; path = RoundedView.h; sourceTree = "<group>"; };
		43006BE21B2B2CB5008CEBA8 /* RoundedView.m */ = {isa = PBXFileReference; fileEncoding = 4; lastKnownFileType = sourcecode.c.objc; path = RoundedView.m; sourceTree = "<group>"; };
		43006BE31B2B2CB5008CEBA8 /* VanKeyboardHelper.h */ = {isa = PBXFileReference; fileEncoding = 4; lastKnownFileType = sourcecode.c.h; path = VanKeyboardHelper.h; sourceTree = "<group>"; };
		43006BE41B2B2CB5008CEBA8 /* VanKeyboardHelper.m */ = {isa = PBXFileReference; fileEncoding = 4; lastKnownFileType = sourcecode.c.objc; path = VanKeyboardHelper.m; sourceTree = "<group>"; };
		43006BE91B2B2CDD008CEBA8 /* ApiConfigs.h */ = {isa = PBXFileReference; fileEncoding = 4; lastKnownFileType = sourcecode.c.h; path = ApiConfigs.h; sourceTree = "<group>"; };
		43006BEA1B2B2D60008CEBA8 /* CoreFoundation.framework */ = {isa = PBXFileReference; lastKnownFileType = wrapper.framework; name = CoreFoundation.framework; path = System/Library/Frameworks/CoreFoundation.framework; sourceTree = SDKROOT; };
		43006BEB1B2B2D60008CEBA8 /* CoreImage.framework */ = {isa = PBXFileReference; lastKnownFileType = wrapper.framework; name = CoreImage.framework; path = System/Library/Frameworks/CoreImage.framework; sourceTree = SDKROOT; };
		43006BEC1B2B2D60008CEBA8 /* QuartzCore.framework */ = {isa = PBXFileReference; lastKnownFileType = wrapper.framework; name = QuartzCore.framework; path = System/Library/Frameworks/QuartzCore.framework; sourceTree = SDKROOT; };
		43006BF01B2B2DBB008CEBA8 /* UIKit.framework */ = {isa = PBXFileReference; lastKnownFileType = wrapper.framework; name = UIKit.framework; path = System/Library/Frameworks/UIKit.framework; sourceTree = SDKROOT; };
		43006BF21B2B2E15008CEBA8 /* PrefixHeader.pch */ = {isa = PBXFileReference; fileEncoding = 4; lastKnownFileType = sourcecode.c.h; path = PrefixHeader.pch; sourceTree = "<group>"; };
		43006BFC1B2B3031008CEBA8 /* MainNavigationController.h */ = {isa = PBXFileReference; fileEncoding = 4; lastKnownFileType = sourcecode.c.h; path = MainNavigationController.h; sourceTree = "<group>"; };
		43006BFD1B2B3031008CEBA8 /* MainNavigationController.m */ = {isa = PBXFileReference; fileEncoding = 4; lastKnownFileType = sourcecode.c.objc; path = MainNavigationController.m; sourceTree = "<group>"; };
		43006BFF1B2B39F6008CEBA8 /* BaseTabbarController.h */ = {isa = PBXFileReference; fileEncoding = 4; lastKnownFileType = sourcecode.c.h; path = BaseTabbarController.h; sourceTree = "<group>"; };
		43006C001B2B39F6008CEBA8 /* BaseTabbarController.m */ = {isa = PBXFileReference; fileEncoding = 4; lastKnownFileType = sourcecode.c.objc; path = BaseTabbarController.m; sourceTree = "<group>"; };
		438F0A6F1B36DE9800FD0864 /* HomeTableViewController.h */ = {isa = PBXFileReference; fileEncoding = 4; lastKnownFileType = sourcecode.c.h; path = HomeTableViewController.h; sourceTree = "<group>"; };
		438F0A701B36DE9800FD0864 /* HomeTableViewController.m */ = {isa = PBXFileReference; fileEncoding = 4; lastKnownFileType = sourcecode.c.objc; path = HomeTableViewController.m; sourceTree = "<group>"; };
		438F0A7E1B36FE6200FD0864 /* ShootViewController.h */ = {isa = PBXFileReference; fileEncoding = 4; lastKnownFileType = sourcecode.c.h; path = ShootViewController.h; sourceTree = "<group>"; };
		438F0A7F1B36FE6200FD0864 /* ShootViewController.m */ = {isa = PBXFileReference; fileEncoding = 4; lastKnownFileType = sourcecode.c.objc; path = ShootViewController.m; sourceTree = "<group>"; };
		438F0A821B3706AF00FD0864 /* MyAccountTableViewController.h */ = {isa = PBXFileReference; fileEncoding = 4; lastKnownFileType = sourcecode.c.h; path = MyAccountTableViewController.h; sourceTree = "<group>"; };
		438F0A831B3706AF00FD0864 /* MyAccountTableViewController.m */ = {isa = PBXFileReference; fileEncoding = 4; lastKnownFileType = sourcecode.c.objc; path = MyAccountTableViewController.m; sourceTree = "<group>"; };
		438F0A861B37323600FD0864 /* HomeIdeasCollectionViewController.h */ = {isa = PBXFileReference; fileEncoding = 4; lastKnownFileType = sourcecode.c.h; path = HomeIdeasCollectionViewController.h; sourceTree = "<group>"; };
		438F0A871B37323600FD0864 /* HomeIdeasCollectionViewController.m */ = {isa = PBXFileReference; fileEncoding = 4; lastKnownFileType = sourcecode.c.objc; path = HomeIdeasCollectionViewController.m; sourceTree = "<group>"; };
		438F0A8E1B3735C800FD0864 /* KategoriCollectionViewController.h */ = {isa = PBXFileReference; fileEncoding = 4; lastKnownFileType = sourcecode.c.h; path = KategoriCollectionViewController.h; sourceTree = "<group>"; };
		438F0A8F1B3735C800FD0864 /* KategoriCollectionViewController.m */ = {isa = PBXFileReference; fileEncoding = 4; lastKnownFileType = sourcecode.c.objc; path = KategoriCollectionViewController.m; sourceTree = "<group>"; };
		438F0A911B37518900FD0864 /* KategoryDetail.storyboard */ = {isa = PBXFileReference; fileEncoding = 4; lastKnownFileType = file.storyboard; path = KategoryDetail.storyboard; sourceTree = "<group>"; };
		438F0A941B3753F500FD0864 /* CatDetailCollectionViewController.h */ = {isa = PBXFileReference; fileEncoding = 4; lastKnownFileType = sourcecode.c.h; path = CatDetailCollectionViewController.h; sourceTree = "<group>"; };
		438F0A951B3753F500FD0864 /* CatDetailCollectionViewController.m */ = {isa = PBXFileReference; fileEncoding = 4; lastKnownFileType = sourcecode.c.objc; path = CatDetailCollectionViewController.m; sourceTree = "<group>"; };
		438F0A971B3758EE00FD0864 /* Item.storyboard */ = {isa = PBXFileReference; fileEncoding = 4; lastKnownFileType = file.storyboard; path = Item.storyboard; sourceTree = "<group>"; };
		438F0A9B1B375BD200FD0864 /* ItemViewController.h */ = {isa = PBXFileReference; fileEncoding = 4; lastKnownFileType = sourcecode.c.h; path = ItemViewController.h; sourceTree = "<group>"; };
		438F0A9C1B375BD200FD0864 /* ItemViewController.m */ = {isa = PBXFileReference; fileEncoding = 4; lastKnownFileType = sourcecode.c.objc; path = ItemViewController.m; sourceTree = "<group>"; };
		438F0A9E1B37748500FD0864 /* Login.storyboard */ = {isa = PBXFileReference; fileEncoding = 4; lastKnownFileType = file.storyboard; path = Login.storyboard; sourceTree = "<group>"; };
		438F0AA11B37BF6600FD0864 /* LoginViewController.h */ = {isa = PBXFileReference; fileEncoding = 4; lastKnownFileType = sourcecode.c.h; path = LoginViewController.h; sourceTree = "<group>"; };
		438F0AA21B37BF6600FD0864 /* LoginViewController.m */ = {isa = PBXFileReference; fileEncoding = 4; lastKnownFileType = sourcecode.c.objc; path = LoginViewController.m; sourceTree = "<group>"; };
		438F0AA41B37BFA600FD0864 /* RoundedButton.h */ = {isa = PBXFileReference; fileEncoding = 4; lastKnownFileType = sourcecode.c.h; path = RoundedButton.h; sourceTree = "<group>"; };
		438F0AA51B37BFA600FD0864 /* RoundedButton.m */ = {isa = PBXFileReference; fileEncoding = 4; lastKnownFileType = sourcecode.c.objc; path = RoundedButton.m; sourceTree = "<group>"; };
		438F0AA81B37CF0500FD0864 /* ForgotPasswordViewController.h */ = {isa = PBXFileReference; fileEncoding = 4; lastKnownFileType = sourcecode.c.h; path = ForgotPasswordViewController.h; sourceTree = "<group>"; };
		438F0AA91B37CF0500FD0864 /* ForgotPasswordViewController.m */ = {isa = PBXFileReference; fileEncoding = 4; lastKnownFileType = sourcecode.c.objc; path = ForgotPasswordViewController.m; sourceTree = "<group>"; };
		B1CA95242F04F42377538CD1 /* Pods_Shoot_Your_Dream.framework */ = {isa = PBXFileReference; explicitFileType = wrapper.framework; includeInIndex = 0; path = Pods_Shoot_Your_Dream.framework; sourceTree = BUILT_PRODUCTS_DIR; };
		CE8374D4BB520160303A8AC4 /* Pods-Shoot Your Dream.release.xcconfig */ = {isa = PBXFileReference; includeInIndex = 1; lastKnownFileType = text.xcconfig; name = "Pods-Shoot Your Dream.release.xcconfig"; path = "Pods/Target Support Files/Pods-Shoot Your Dream/Pods-Shoot Your Dream.release.xcconfig"; sourceTree = "<group>"; };
		E4CF548E9E05F90C817ADA07 /* Pods-Shoot Your Dream.debug.xcconfig */ = {isa = PBXFileReference; includeInIndex = 1; lastKnownFileType = text.xcconfig; name = "Pods-Shoot Your Dream.debug.xcconfig"; path = "Pods/Target Support Files/Pods-Shoot Your Dream/Pods-Shoot Your Dream.debug.xcconfig"; sourceTree = "<group>"; };
/* End PBXFileReference section */

/* Begin PBXFrameworksBuildPhase section */
		43006B991B2B12B7008CEBA8 /* Frameworks */ = {
			isa = PBXFrameworksBuildPhase;
			buildActionMask = 2147483647;
			files = (
				43006BF11B2B2DBB008CEBA8 /* UIKit.framework in Frameworks */,
				43006BED1B2B2D60008CEBA8 /* CoreFoundation.framework in Frameworks */,
				43006BEE1B2B2D60008CEBA8 /* CoreImage.framework in Frameworks */,
				43006BEF1B2B2D60008CEBA8 /* QuartzCore.framework in Frameworks */,
				B98C15320E6498546AD3AD29 /* Pods_Shoot_Your_Dream.framework in Frameworks */,
			);
			runOnlyForDeploymentPostprocessing = 0;
		};
		43006BB21B2B12B7008CEBA8 /* Frameworks */ = {
			isa = PBXFrameworksBuildPhase;
			buildActionMask = 2147483647;
			files = (
			);
			runOnlyForDeploymentPostprocessing = 0;
		};
/* End PBXFrameworksBuildPhase section */

/* Begin PBXGroup section */
		31F0323CA514A33553756154 /* Pods */ = {
			isa = PBXGroup;
			children = (
				E4CF548E9E05F90C817ADA07 /* Pods-Shoot Your Dream.debug.xcconfig */,
				CE8374D4BB520160303A8AC4 /* Pods-Shoot Your Dream.release.xcconfig */,
			);
			name = Pods;
			sourceTree = "<group>";
		};
		43006B931B2B12B7008CEBA8 = {
			isa = PBXGroup;
			children = (
				43006B9E1B2B12B7008CEBA8 /* Shoot Your Dream */,
				43006BB81B2B12B7008CEBA8 /* Shoot Your DreamTests */,
				43006B9D1B2B12B7008CEBA8 /* Products */,
				31F0323CA514A33553756154 /* Pods */,
				45763105ED17DDED80785DF0 /* Frameworks */,
			);
			sourceTree = "<group>";
		};
		43006B9D1B2B12B7008CEBA8 /* Products */ = {
			isa = PBXGroup;
			children = (
				43006B9C1B2B12B7008CEBA8 /* Shoot Your Dream.app */,
				43006BB51B2B12B7008CEBA8 /* Shoot Your DreamTests.xctest */,
			);
			name = Products;
			sourceTree = "<group>";
		};
		43006B9E1B2B12B7008CEBA8 /* Shoot Your Dream */ = {
			isa = PBXGroup;
			children = (
				43006C021B2B3B17008CEBA8 /* View */,
				43006BCC1B2B2B66008CEBA8 /* Manager */,
				43006BC91B2B19D6008CEBA8 /* Categories */,
				43006BC81B2B19D1008CEBA8 /* Helper */,
				43006BC71B2B19C4008CEBA8 /* Model */,
				43006BC61B2B19BA008CEBA8 /* ViewController */,
				43006BC51B2B19AD008CEBA8 /* Storyboard */,
				43006BA31B2B12B7008CEBA8 /* AppDelegate.h */,
				43006BA41B2B12B7008CEBA8 /* AppDelegate.m */,
				43006BAC1B2B12B7008CEBA8 /* Images.xcassets */,
				43006BAE1B2B12B7008CEBA8 /* LaunchScreen.xib */,
				43006B9F1B2B12B7008CEBA8 /* Supporting Files */,
			);
			path = "Shoot Your Dream";
			sourceTree = "<group>";
		};
		43006B9F1B2B12B7008CEBA8 /* Supporting Files */ = {
			isa = PBXGroup;
			children = (
				43006BA01B2B12B7008CEBA8 /* Info.plist */,
				43006BA11B2B12B7008CEBA8 /* main.m */,
				43006BF21B2B2E15008CEBA8 /* PrefixHeader.pch */,
			);
			name = "Supporting Files";
			sourceTree = "<group>";
		};
		43006BB81B2B12B7008CEBA8 /* Shoot Your DreamTests */ = {
			isa = PBXGroup;
			children = (
				43006BBB1B2B12B7008CEBA8 /* Shoot_Your_DreamTests.m */,
				43006BB91B2B12B7008CEBA8 /* Supporting Files */,
			);
			path = "Shoot Your DreamTests";
			sourceTree = "<group>";
		};
		43006BB91B2B12B7008CEBA8 /* Supporting Files */ = {
			isa = PBXGroup;
			children = (
				43006BBA1B2B12B7008CEBA8 /* Info.plist */,
			);
			name = "Supporting Files";
			sourceTree = "<group>";
		};
		43006BC51B2B19AD008CEBA8 /* Storyboard */ = {
			isa = PBXGroup;
			children = (
				438F0A9E1B37748500FD0864 /* Login.storyboard */,
				43006BA91B2B12B7008CEBA8 /* Main.storyboard */,
				43006BCA1B2B1A01008CEBA8 /* Auth.storyboard */,
				438F0A911B37518900FD0864 /* KategoryDetail.storyboard */,
				438F0A971B3758EE00FD0864 /* Item.storyboard */,
			);
			name = Storyboard;
			sourceTree = "<group>";
		};
		43006BC61B2B19BA008CEBA8 /* ViewController */ = {
			isa = PBXGroup;
			children = (
				438F0A991B375BB400FD0864 /* Other */,
				438F0A811B37069100FD0864 /* My Account */,
				438F0A7D1B36FE4900FD0864 /* Shoot */,
				438F0A7C1B36F94000FD0864 /* Kategory */,
				438F0A6E1B36DE2900FD0864 /* Home */,
				43006BFC1B2B3031008CEBA8 /* MainNavigationController.h */,
				43006BFD1B2B3031008CEBA8 /* MainNavigationController.m */,
				43006BFF1B2B39F6008CEBA8 /* BaseTabbarController.h */,
				43006C001B2B39F6008CEBA8 /* BaseTabbarController.m */,
			);
			name = ViewController;
			sourceTree = "<group>";
		};
		43006BC71B2B19C4008CEBA8 /* Model */ = {
			isa = PBXGroup;
			children = (
			);
			name = Model;
			sourceTree = "<group>";
		};
		43006BC81B2B19D1008CEBA8 /* Helper */ = {
			isa = PBXGroup;
			children = (
				43006BE91B2B2CDD008CEBA8 /* ApiConfigs.h */,
				43006BDD1B2B2CB5008CEBA8 /* RoundedImage.h */,
				43006BDE1B2B2CB5008CEBA8 /* RoundedImage.m */,
				43006BDF1B2B2CB5008CEBA8 /* RoundedLabel.h */,
				43006BE01B2B2CB5008CEBA8 /* RoundedLabel.m */,
				43006BE11B2B2CB5008CEBA8 /* RoundedView.h */,
				43006BE21B2B2CB5008CEBA8 /* RoundedView.m */,
				43006BE31B2B2CB5008CEBA8 /* VanKeyboardHelper.h */,
				43006BE41B2B2CB5008CEBA8 /* VanKeyboardHelper.m */,
				43006BD31B2B2C4D008CEBA8 /* Config.h */,
				43006BD01B2B2C42008CEBA8 /* Common.h */,
				43006BD11B2B2C42008CEBA8 /* Common.m */,
				438F0AA41B37BFA600FD0864 /* RoundedButton.h */,
				438F0AA51B37BFA600FD0864 /* RoundedButton.m */,
			);
			name = Helper;
			sourceTree = "<group>";
		};
		43006BC91B2B19D6008CEBA8 /* Categories */ = {
			isa = PBXGroup;
			children = (
			);
			name = Categories;
			sourceTree = "<group>";
		};
		43006BCC1B2B2B66008CEBA8 /* Manager */ = {
			isa = PBXGroup;
			children = (
				43006BDA1B2B2CA0008CEBA8 /* ModelManager.h */,
				43006BDB1B2B2CA0008CEBA8 /* ModelManager.m */,
				43006BD41B2B2C4D008CEBA8 /* ConnectionManager.h */,
				43006BD51B2B2C4D008CEBA8 /* ConnectionManager.m */,
			);
			name = Manager;
			sourceTree = "<group>";
		};
		43006C021B2B3B17008CEBA8 /* View */ = {
			isa = PBXGroup;
			children = (
				438F0A721B36E07300FD0864 /* HomeCell */,
				43006C031B2B3B1D008CEBA8 /* Subclass */,
			);
			name = View;
			sourceTree = "<group>";
		};
		43006C031B2B3B1D008CEBA8 /* Subclass */ = {
			isa = PBXGroup;
			children = (
			);
			name = Subclass;
			sourceTree = "<group>";
		};
		438F0A6E1B36DE2900FD0864 /* Home */ = {
			isa = PBXGroup;
			children = (
				438F0A851B3731F900FD0864 /* HomeIdeasController */,
				438F0A6F1B36DE9800FD0864 /* HomeTableViewController.h */,
				438F0A701B36DE9800FD0864 /* HomeTableViewController.m */,
			);
			name = Home;
			sourceTree = "<group>";
		};
		438F0A721B36E07300FD0864 /* HomeCell */ = {
			isa = PBXGroup;
			children = (
			);
			name = HomeCell;
			sourceTree = "<group>";
		};
		438F0A7C1B36F94000FD0864 /* Kategory */ = {
			isa = PBXGroup;
			children = (
				438F0A931B3753DA00FD0864 /* Detail */,
				438F0A8E1B3735C800FD0864 /* KategoriCollectionViewController.h */,
				438F0A8F1B3735C800FD0864 /* KategoriCollectionViewController.m */,
			);
			name = Kategory;
			sourceTree = "<group>";
		};
		438F0A7D1B36FE4900FD0864 /* Shoot */ = {
			isa = PBXGroup;
			children = (
				438F0A7E1B36FE6200FD0864 /* ShootViewController.h */,
				438F0A7F1B36FE6200FD0864 /* ShootViewController.m */,
			);
			name = Shoot;
			sourceTree = "<group>";
		};
		438F0A811B37069100FD0864 /* My Account */ = {
			isa = PBXGroup;
			children = (
				438F0A821B3706AF00FD0864 /* MyAccountTableViewController.h */,
				438F0A831B3706AF00FD0864 /* MyAccountTableViewController.m */,
			);
			name = "My Account";
			sourceTree = "<group>";
		};
		438F0A851B3731F900FD0864 /* HomeIdeasController */ = {
			isa = PBXGroup;
			children = (
				438F0A861B37323600FD0864 /* HomeIdeasCollectionViewController.h */,
				438F0A871B37323600FD0864 /* HomeIdeasCollectionViewController.m */,
			);
			name = HomeIdeasController;
			sourceTree = "<group>";
		};
		438F0A931B3753DA00FD0864 /* Detail */ = {
			isa = PBXGroup;
			children = (
				438F0A941B3753F500FD0864 /* CatDetailCollectionViewController.h */,
				438F0A951B3753F500FD0864 /* CatDetailCollectionViewController.m */,
			);
			name = Detail;
			sourceTree = "<group>";
		};
		438F0A991B375BB400FD0864 /* Other */ = {
			isa = PBXGroup;
			children = (
				438F0AA71B37CEEC00FD0864 /* Forgot Password */,
				438F0AA01B37BF5300FD0864 /* Login */,
				438F0A9A1B375BBA00FD0864 /* Item */,
			);
			name = Other;
			sourceTree = "<group>";
		};
		438F0A9A1B375BBA00FD0864 /* Item */ = {
			isa = PBXGroup;
			children = (
				438F0A9B1B375BD200FD0864 /* ItemViewController.h */,
				438F0A9C1B375BD200FD0864 /* ItemViewController.m */,
			);
			name = Item;
			sourceTree = "<group>";
		};
		438F0AA01B37BF5300FD0864 /* Login */ = {
			isa = PBXGroup;
			children = (
				438F0AA11B37BF6600FD0864 /* LoginViewController.h */,
				438F0AA21B37BF6600FD0864 /* LoginViewController.m */,
			);
			name = Login;
			sourceTree = "<group>";
		};
		438F0AA71B37CEEC00FD0864 /* Forgot Password */ = {
			isa = PBXGroup;
			children = (
				438F0AA81B37CF0500FD0864 /* ForgotPasswordViewController.h */,
				438F0AA91B37CF0500FD0864 /* ForgotPasswordViewController.m */,
			);
			name = "Forgot Password";
			sourceTree = "<group>";
		};
		45763105ED17DDED80785DF0 /* Frameworks */ = {
			isa = PBXGroup;
			children = (
				43006BF01B2B2DBB008CEBA8 /* UIKit.framework */,
				43006BEA1B2B2D60008CEBA8 /* CoreFoundation.framework */,
				43006BEB1B2B2D60008CEBA8 /* CoreImage.framework */,
				43006BEC1B2B2D60008CEBA8 /* QuartzCore.framework */,
				B1CA95242F04F42377538CD1 /* Pods_Shoot_Your_Dream.framework */,
			);
			name = Frameworks;
			sourceTree = "<group>";
		};
/* End PBXGroup section */

/* Begin PBXNativeTarget section */
		43006B9B1B2B12B7008CEBA8 /* Shoot Your Dream */ = {
			isa = PBXNativeTarget;
			buildConfigurationList = 43006BBF1B2B12B7008CEBA8 /* Build configuration list for PBXNativeTarget "Shoot Your Dream" */;
			buildPhases = (
				3BD7376DD03ABB91D548145D /* Check Pods Manifest.lock */,
				43006B981B2B12B7008CEBA8 /* Sources */,
				43006B991B2B12B7008CEBA8 /* Frameworks */,
				43006B9A1B2B12B7008CEBA8 /* Resources */,
				12E4685C3629DE230120B4AC /* Copy Pods Resources */,
				551969073229B8B7F829C01B /* Embed Pods Frameworks */,
			);
			buildRules = (
			);
			dependencies = (
			);
			name = "Shoot Your Dream";
			productName = "Shoot Your Dream";
			productReference = 43006B9C1B2B12B7008CEBA8 /* Shoot Your Dream.app */;
			productType = "com.apple.product-type.application";
		};
		43006BB41B2B12B7008CEBA8 /* Shoot Your DreamTests */ = {
			isa = PBXNativeTarget;
			buildConfigurationList = 43006BC21B2B12B7008CEBA8 /* Build configuration list for PBXNativeTarget "Shoot Your DreamTests" */;
			buildPhases = (
				43006BB11B2B12B7008CEBA8 /* Sources */,
				43006BB21B2B12B7008CEBA8 /* Frameworks */,
				43006BB31B2B12B7008CEBA8 /* Resources */,
			);
			buildRules = (
			);
			dependencies = (
				43006BB71B2B12B7008CEBA8 /* PBXTargetDependency */,
			);
			name = "Shoot Your DreamTests";
			productName = "Shoot Your DreamTests";
			productReference = 43006BB51B2B12B7008CEBA8 /* Shoot Your DreamTests.xctest */;
			productType = "com.apple.product-type.bundle.unit-test";
		};
/* End PBXNativeTarget section */

/* Begin PBXProject section */
		43006B941B2B12B7008CEBA8 /* Project object */ = {
			isa = PBXProject;
			attributes = {
				LastUpgradeCheck = 0630;
				ORGANIZATIONNAME = "Arie Prasetyo";
				TargetAttributes = {
					43006B9B1B2B12B7008CEBA8 = {
						CreatedOnToolsVersion = 6.3.1;
					};
					43006BB41B2B12B7008CEBA8 = {
						CreatedOnToolsVersion = 6.3.1;
						TestTargetID = 43006B9B1B2B12B7008CEBA8;
					};
				};
			};
			buildConfigurationList = 43006B971B2B12B7008CEBA8 /* Build configuration list for PBXProject "Shoot Your Dream" */;
			compatibilityVersion = "Xcode 3.2";
			developmentRegion = English;
			hasScannedForEncodings = 0;
			knownRegions = (
				en,
				Base,
			);
			mainGroup = 43006B931B2B12B7008CEBA8;
			productRefGroup = 43006B9D1B2B12B7008CEBA8 /* Products */;
			projectDirPath = "";
			projectRoot = "";
			targets = (
				43006B9B1B2B12B7008CEBA8 /* Shoot Your Dream */,
				43006BB41B2B12B7008CEBA8 /* Shoot Your DreamTests */,
			);
		};
/* End PBXProject section */

/* Begin PBXResourcesBuildPhase section */
		43006B9A1B2B12B7008CEBA8 /* Resources */ = {
			isa = PBXResourcesBuildPhase;
			buildActionMask = 2147483647;
			files = (
				43006BCB1B2B1A01008CEBA8 /* Auth.storyboard in Resources */,
				438F0A981B3758EE00FD0864 /* Item.storyboard in Resources */,
				438F0A9F1B37748500FD0864 /* Login.storyboard in Resources */,
				438F0A921B37518900FD0864 /* KategoryDetail.storyboard in Resources */,
				43006BAB1B2B12B7008CEBA8 /* Main.storyboard in Resources */,
				43006BB01B2B12B7008CEBA8 /* LaunchScreen.xib in Resources */,
				43006BAD1B2B12B7008CEBA8 /* Images.xcassets in Resources */,
			);
			runOnlyForDeploymentPostprocessing = 0;
		};
		43006BB31B2B12B7008CEBA8 /* Resources */ = {
			isa = PBXResourcesBuildPhase;
			buildActionMask = 2147483647;
			files = (
			);
			runOnlyForDeploymentPostprocessing = 0;
		};
/* End PBXResourcesBuildPhase section */

/* Begin PBXShellScriptBuildPhase section */
		12E4685C3629DE230120B4AC /* Copy Pods Resources */ = {
			isa = PBXShellScriptBuildPhase;
			buildActionMask = 2147483647;
			files = (
			);
			inputPaths = (
			);
			name = "Copy Pods Resources";
			outputPaths = (
			);
			runOnlyForDeploymentPostprocessing = 0;
			shellPath = /bin/sh;
			shellScript = "\"${SRCROOT}/Pods/Target Support Files/Pods-Shoot Your Dream/Pods-Shoot Your Dream-resources.sh\"\n";
			showEnvVarsInLog = 0;
		};
		3BD7376DD03ABB91D548145D /* Check Pods Manifest.lock */ = {
			isa = PBXShellScriptBuildPhase;
			buildActionMask = 2147483647;
			files = (
			);
			inputPaths = (
			);
			name = "Check Pods Manifest.lock";
			outputPaths = (
			);
			runOnlyForDeploymentPostprocessing = 0;
			shellPath = /bin/sh;
			shellScript = "diff \"${PODS_ROOT}/../Podfile.lock\" \"${PODS_ROOT}/Manifest.lock\" > /dev/null\nif [[ $? != 0 ]] ; then\n    cat << EOM\nerror: The sandbox is not in sync with the Podfile.lock. Run 'pod install' or update your CocoaPods installation.\nEOM\n    exit 1\nfi\n";
			showEnvVarsInLog = 0;
		};
		551969073229B8B7F829C01B /* Embed Pods Frameworks */ = {
			isa = PBXShellScriptBuildPhase;
			buildActionMask = 2147483647;
			files = (
			);
			inputPaths = (
			);
			name = "Embed Pods Frameworks";
			outputPaths = (
			);
			runOnlyForDeploymentPostprocessing = 0;
			shellPath = /bin/sh;
			shellScript = "\"${SRCROOT}/Pods/Target Support Files/Pods-Shoot Your Dream/Pods-Shoot Your Dream-frameworks.sh\"\n";
			showEnvVarsInLog = 0;
		};
/* End PBXShellScriptBuildPhase section */

/* Begin PBXSourcesBuildPhase section */
		43006B981B2B12B7008CEBA8 /* Sources */ = {
			isa = PBXSourcesBuildPhase;
			buildActionMask = 2147483647;
			files = (
				43006BA51B2B12B7008CEBA8 /* AppDelegate.m in Sources */,
				438F0A9D1B375BD200FD0864 /* ItemViewController.m in Sources */,
				438F0AA61B37BFA600FD0864 /* RoundedButton.m in Sources */,
				43006BF31B2B2E58008CEBA8 /* ApiConfigs.h in Sources */,
				438F0A841B3706AF00FD0864 /* MyAccountTableViewController.m in Sources */,
				438F0AA31B37BF6600FD0864 /* LoginViewController.m in Sources */,
				43006BF41B2B2E58008CEBA8 /* RoundedImage.h in Sources */,
				438F0A901B3735C800FD0864 /* KategoriCollectionViewController.m in Sources */,
				43006BE51B2B2CB5008CEBA8 /* RoundedImage.m in Sources */,
				43006BF51B2B2E58008CEBA8 /* RoundedLabel.h in Sources */,
				43006BE61B2B2CB5008CEBA8 /* RoundedLabel.m in Sources */,
				43006BF61B2B2E58008CEBA8 /* RoundedView.h in Sources */,
				43006BE71B2B2CB5008CEBA8 /* RoundedView.m in Sources */,
				43006BF71B2B2E58008CEBA8 /* VanKeyboardHelper.h in Sources */,
				43006BE81B2B2CB5008CEBA8 /* VanKeyboardHelper.m in Sources */,
				438F0A961B3753F500FD0864 /* CatDetailCollectionViewController.m in Sources */,
				438F0A711B36DE9800FD0864 /* HomeTableViewController.m in Sources */,
				43006BF81B2B2E58008CEBA8 /* ModelManager.h in Sources */,
				438F0AAA1B37CF0500FD0864 /* ForgotPasswordViewController.m in Sources */,
				43006BDC1B2B2CA0008CEBA8 /* ModelManager.m in Sources */,
				43006BF91B2B2E58008CEBA8 /* Config.h in Sources */,
				43006C011B2B39F6008CEBA8 /* BaseTabbarController.m in Sources */,
				438F0A881B37323600FD0864 /* HomeIdeasCollectionViewController.m in Sources */,
				43006BFE1B2B3031008CEBA8 /* MainNavigationController.m in Sources */,
				43006BFA1B2B2E58008CEBA8 /* ConnectionManager.h in Sources */,
				43006BD61B2B2C4D008CEBA8 /* ConnectionManager.m in Sources */,
				438F0A801B36FE6200FD0864 /* ShootViewController.m in Sources */,
				43006BFB1B2B2E58008CEBA8 /* Common.h in Sources */,
				43006BD21B2B2C42008CEBA8 /* Common.m in Sources */,
				43006BA21B2B12B7008CEBA8 /* main.m in Sources */,
			);
			runOnlyForDeploymentPostprocessing = 0;
		};
		43006BB11B2B12B7008CEBA8 /* Sources */ = {
			isa = PBXSourcesBuildPhase;
			buildActionMask = 2147483647;
			files = (
				43006BBC1B2B12B7008CEBA8 /* Shoot_Your_DreamTests.m in Sources */,
			);
			runOnlyForDeploymentPostprocessing = 0;
		};
/* End PBXSourcesBuildPhase section */

/* Begin PBXTargetDependency section */
		43006BB71B2B12B7008CEBA8 /* PBXTargetDependency */ = {
			isa = PBXTargetDependency;
			target = 43006B9B1B2B12B7008CEBA8 /* Shoot Your Dream */;
			targetProxy = 43006BB61B2B12B7008CEBA8 /* PBXContainerItemProxy */;
		};
/* End PBXTargetDependency section */

/* Begin PBXVariantGroup section */
		43006BA91B2B12B7008CEBA8 /* Main.storyboard */ = {
			isa = PBXVariantGroup;
			children = (
				43006BAA1B2B12B7008CEBA8 /* Base */,
			);
			name = Main.storyboard;
			sourceTree = "<group>";
		};
		43006BAE1B2B12B7008CEBA8 /* LaunchScreen.xib */ = {
			isa = PBXVariantGroup;
			children = (
				43006BAF1B2B12B7008CEBA8 /* Base */,
			);
			name = LaunchScreen.xib;
			sourceTree = "<group>";
		};
/* End PBXVariantGroup section */

/* Begin XCBuildConfiguration section */
		43006BBD1B2B12B7008CEBA8 /* Debug */ = {
			isa = XCBuildConfiguration;
			buildSettings = {
				ALWAYS_SEARCH_USER_PATHS = NO;
				CLANG_CXX_LANGUAGE_STANDARD = "gnu++0x";
				CLANG_CXX_LIBRARY = "libc++";
				CLANG_ENABLE_MODULES = YES;
				CLANG_ENABLE_OBJC_ARC = YES;
				CLANG_WARN_BOOL_CONVERSION = YES;
				CLANG_WARN_CONSTANT_CONVERSION = YES;
				CLANG_WARN_DIRECT_OBJC_ISA_USAGE = YES_ERROR;
				CLANG_WARN_EMPTY_BODY = YES;
				CLANG_WARN_ENUM_CONVERSION = YES;
				CLANG_WARN_INT_CONVERSION = YES;
				CLANG_WARN_OBJC_ROOT_CLASS = YES_ERROR;
				CLANG_WARN_UNREACHABLE_CODE = YES;
				CLANG_WARN__DUPLICATE_METHOD_MATCH = YES;
				"CODE_SIGN_IDENTITY[sdk=iphoneos*]" = "iPhone Developer";
				COPY_PHASE_STRIP = NO;
				DEBUG_INFORMATION_FORMAT = "dwarf-with-dsym";
				ENABLE_STRICT_OBJC_MSGSEND = YES;
				GCC_C_LANGUAGE_STANDARD = gnu99;
				GCC_DYNAMIC_NO_PIC = NO;
				GCC_NO_COMMON_BLOCKS = YES;
				GCC_OPTIMIZATION_LEVEL = 0;
				GCC_PREPROCESSOR_DEFINITIONS = (
					"DEBUG=1",
					"$(inherited)",
				);
				GCC_SYMBOLS_PRIVATE_EXTERN = NO;
				GCC_WARN_64_TO_32_BIT_CONVERSION = YES;
				GCC_WARN_ABOUT_RETURN_TYPE = YES_ERROR;
				GCC_WARN_UNDECLARED_SELECTOR = YES;
				GCC_WARN_UNINITIALIZED_AUTOS = YES_AGGRESSIVE;
				GCC_WARN_UNUSED_FUNCTION = YES;
				GCC_WARN_UNUSED_VARIABLE = YES;
				IPHONEOS_DEPLOYMENT_TARGET = 8.3;
				MTL_ENABLE_DEBUG_INFO = YES;
				ONLY_ACTIVE_ARCH = YES;
				SDKROOT = iphoneos;
			};
			name = Debug;
		};
		43006BBE1B2B12B7008CEBA8 /* Release */ = {
			isa = XCBuildConfiguration;
			buildSettings = {
				ALWAYS_SEARCH_USER_PATHS = NO;
				CLANG_CXX_LANGUAGE_STANDARD = "gnu++0x";
				CLANG_CXX_LIBRARY = "libc++";
				CLANG_ENABLE_MODULES = YES;
				CLANG_ENABLE_OBJC_ARC = YES;
				CLANG_WARN_BOOL_CONVERSION = YES;
				CLANG_WARN_CONSTANT_CONVERSION = YES;
				CLANG_WARN_DIRECT_OBJC_ISA_USAGE = YES_ERROR;
				CLANG_WARN_EMPTY_BODY = YES;
				CLANG_WARN_ENUM_CONVERSION = YES;
				CLANG_WARN_INT_CONVERSION = YES;
				CLANG_WARN_OBJC_ROOT_CLASS = YES_ERROR;
				CLANG_WARN_UNREACHABLE_CODE = YES;
				CLANG_WARN__DUPLICATE_METHOD_MATCH = YES;
				"CODE_SIGN_IDENTITY[sdk=iphoneos*]" = "iPhone Developer";
				COPY_PHASE_STRIP = NO;
				DEBUG_INFORMATION_FORMAT = "dwarf-with-dsym";
				ENABLE_NS_ASSERTIONS = NO;
				ENABLE_STRICT_OBJC_MSGSEND = YES;
				GCC_C_LANGUAGE_STANDARD = gnu99;
				GCC_NO_COMMON_BLOCKS = YES;
				GCC_WARN_64_TO_32_BIT_CONVERSION = YES;
				GCC_WARN_ABOUT_RETURN_TYPE = YES_ERROR;
				GCC_WARN_UNDECLARED_SELECTOR = YES;
				GCC_WARN_UNINITIALIZED_AUTOS = YES_AGGRESSIVE;
				GCC_WARN_UNUSED_FUNCTION = YES;
				GCC_WARN_UNUSED_VARIABLE = YES;
				IPHONEOS_DEPLOYMENT_TARGET = 8.3;
				MTL_ENABLE_DEBUG_INFO = NO;
				SDKROOT = iphoneos;
				VALIDATE_PRODUCT = YES;
			};
			name = Release;
		};
		43006BC01B2B12B7008CEBA8 /* Debug */ = {
			isa = XCBuildConfiguration;
			baseConfigurationReference = E4CF548E9E05F90C817ADA07 /* Pods-Shoot Your Dream.debug.xcconfig */;
			buildSettings = {
				ASSETCATALOG_COMPILER_APPICON_NAME = AppIcon;
				GCC_PRECOMPILE_PREFIX_HEADER = YES;
				GCC_PREFIX_HEADER = "Shoot Your Dream/PrefixHeader.pch";
				INFOPLIST_FILE = "Shoot Your Dream/Info.plist";
				LD_RUNPATH_SEARCH_PATHS = "$(inherited) @executable_path/Frameworks";
				PRODUCT_NAME = "$(TARGET_NAME)";
			};
			name = Debug;
		};
		43006BC11B2B12B7008CEBA8 /* Release */ = {
			isa = XCBuildConfiguration;
			baseConfigurationReference = CE8374D4BB520160303A8AC4 /* Pods-Shoot Your Dream.release.xcconfig */;
			buildSettings = {
				ASSETCATALOG_COMPILER_APPICON_NAME = AppIcon;
				GCC_PRECOMPILE_PREFIX_HEADER = YES;
				GCC_PREFIX_HEADER = "Shoot Your Dream/PrefixHeader.pch";
				INFOPLIST_FILE = "Shoot Your Dream/Info.plist";
				LD_RUNPATH_SEARCH_PATHS = "$(inherited) @executable_path/Frameworks";
				PRODUCT_NAME = "$(TARGET_NAME)";
			};
			name = Release;
		};
		43006BC31B2B12B7008CEBA8 /* Debug */ = {
			isa = XCBuildConfiguration;
			buildSettings = {
				BUNDLE_LOADER = "$(TEST_HOST)";
				FRAMEWORK_SEARCH_PATHS = (
					"$(SDKROOT)/Developer/Library/Frameworks",
					"$(inherited)",
				);
				GCC_PREPROCESSOR_DEFINITIONS = (
					"DEBUG=1",
					"$(inherited)",
				);
				INFOPLIST_FILE = "Shoot Your DreamTests/Info.plist";
				LD_RUNPATH_SEARCH_PATHS = "$(inherited) @executable_path/Frameworks @loader_path/Frameworks";
				PRODUCT_NAME = "$(TARGET_NAME)";
				TEST_HOST = "$(BUILT_PRODUCTS_DIR)/Shoot Your Dream.app/Shoot Your Dream";
			};
			name = Debug;
		};
		43006BC41B2B12B7008CEBA8 /* Release */ = {
			isa = XCBuildConfiguration;
			buildSettings = {
				BUNDLE_LOADER = "$(TEST_HOST)";
				FRAMEWORK_SEARCH_PATHS = (
					"$(SDKROOT)/Developer/Library/Frameworks",
					"$(inherited)",
				);
				INFOPLIST_FILE = "Shoot Your DreamTests/Info.plist";
				LD_RUNPATH_SEARCH_PATHS = "$(inherited) @executable_path/Frameworks @loader_path/Frameworks";
				PRODUCT_NAME = "$(TARGET_NAME)";
				TEST_HOST = "$(BUILT_PRODUCTS_DIR)/Shoot Your Dream.app/Shoot Your Dream";
			};
			name = Release;
		};
/* End XCBuildConfiguration section */

/* Begin XCConfigurationList section */
		43006B971B2B12B7008CEBA8 /* Build configuration list for PBXProject "Shoot Your Dream" */ = {
			isa = XCConfigurationList;
			buildConfigurations = (
				43006BBD1B2B12B7008CEBA8 /* Debug */,
				43006BBE1B2B12B7008CEBA8 /* Release */,
			);
			defaultConfigurationIsVisible = 0;
			defaultConfigurationName = Release;
		};
		43006BBF1B2B12B7008CEBA8 /* Build configuration list for PBXNativeTarget "Shoot Your Dream" */ = {
			isa = XCConfigurationList;
			buildConfigurations = (
				43006BC01B2B12B7008CEBA8 /* Debug */,
				43006BC11B2B12B7008CEBA8 /* Release */,
			);
			defaultConfigurationIsVisible = 0;
			defaultConfigurationName = Release;
		};
		43006BC21B2B12B7008CEBA8 /* Build configuration list for PBXNativeTarget "Shoot Your DreamTests" */ = {
			isa = XCConfigurationList;
			buildConfigurations = (
				43006BC31B2B12B7008CEBA8 /* Debug */,
				43006BC41B2B12B7008CEBA8 /* Release */,
			);
			defaultConfigurationIsVisible = 0;
			defaultConfigurationName = Release;
		};
/* End XCConfigurationList section */
	};
	rootObject = 43006B941B2B12B7008CEBA8 /* Project object */;
}
